<?xml version="1.0" encoding="UTF-8" standalone="yes" ?>
<CodeBlocks_project_file>
	<FileVersion major="1" minor="6" />
	<Project>
		<Option title="BlackjackServer" />
		<Option pch_mode="2" />
		<Option compiler="gcc" />
		<Build>
			<Target title="Debug">
				<Option output="bin/Debug/BlackjackServer" prefix_auto="1" extension_auto="1" />
				<Option object_output="obj/Debug/" />
				<Option type="1" />
				<Option compiler="gcc" />
				<Compiler>
					<Add option="-g" />
					<Add directory="include" />
				</Compiler>
			</Target>
		</Build>
		<Compiler>
			<Add option="-std=c++11" />
			<Add option="-g" />
			<Add option="-fexceptions" />
			<Add option="-lpthread" />
			<Add option="-pthread" />
		</Compiler>
		<Linker>
			<Add option="-lpthread" />
			<Add option="-pthread" />
		</Linker>
		<Unit filename="include/Card.h" />
		<Unit filename="include/Casino.h" />
		<Unit filename="include/CommunicationModule.h" />
		<Unit filename="include/ControlMessage.h" />
		<Unit filename="include/Dealer.h" />
		<Unit filename="include/GameMessage.h" />
		<Unit filename="include/Message.h" />
		<Unit filename="include/Player.h" />
		<Unit filename="include/json11.hpp" />
		<Unit filename="main.cpp" />
		<Unit filename="src/Card.cpp" />
		<Unit filename="src/Casino.cpp" />
		<Unit filename="src/CommunicationModule.cpp" />
		<Unit filename="src/ControlMessage.cpp" />
		<Unit filename="src/Dealer.cpp" />
		<Unit filename="src/GameMessage.cpp" />
		<Unit filename="src/Message.cpp" />
		<Unit filename="src/Player.cpp" />
		<Unit filename="src/json11.cpp" />
		<Extensions>
			<code_completion />
			<debugger />
		</Extensions>
	</Project>
</CodeBlocks_project_file>
